[[package]]
category = "main"
description = "An AST unparser for Python"
name = "astunparse"
optional = false
python-versions = "*"
version = "1.6.3"

[package.dependencies]
six = ">=1.6.1,<2.0"
wheel = ">=0.23.0,<1.0"

[[package]]
category = "main"
description = "Atomic file writes."
marker = "sys_platform == \"win32\""
name = "atomicwrites"
optional = false
python-versions = ">=2.7, !=3.0.*, !=3.1.*, !=3.2.*, !=3.3.*"
version = "1.3.0"

[[package]]
category = "main"
description = "Classes Without Boilerplate"
name = "attrs"
optional = false
python-versions = ">=2.7, !=3.0.*, !=3.1.*, !=3.2.*, !=3.3.*"
version = "19.3.0"

[[package]]
category = "main"
description = "Python package for providing Mozilla's CA Bundle."
name = "certifi"
optional = false
python-versions = "*"
version = "2019.11.28"

[[package]]
category = "main"
description = "Universal encoding detector for Python 2 and 3"
name = "chardet"
optional = false
python-versions = "*"
version = "3.0.4"

[[package]]
category = "main"
description = "Composable command line interface toolkit"
name = "click"
optional = false
python-versions = ">=2.7, !=3.0.*, !=3.1.*, !=3.2.*, !=3.3.*"
version = "7.0"

[[package]]
category = "main"
description = "Extended pickling support for Python objects"
name = "cloudpickle"
optional = false
python-versions = "*"
version = "1.2.2"

[[package]]
category = "main"
description = "Cross-platform colored terminal text."
name = "colorama"
optional = false
python-versions = ">=2.7, !=3.0.*, !=3.1.*, !=3.2.*, !=3.3.*, !=3.4.*"
version = "0.4.3"

[[package]]
category = "main"
description = "converts and manipulates various color representation (HSL, RVB, web, X11, ...)"
name = "colour"
optional = false
python-versions = "*"
version = "0.1.5"

[[package]]
category = "main"
description = "Python Git Library"
name = "comet-git-pure"
optional = false
python-versions = "*"
version = "0.19.14"

[package.dependencies]
certifi = "*"
urllib3 = ">=1.24.1"

[[package]]
category = "main"
description = "Supercharging Machine Learning"
name = "comet-ml"
optional = false
python-versions = "*"
version = "2.0.18"

[package.dependencies]
comet-git-pure = ">=0.19.11"
jsonschema = ">=2.6.0,<3.1.0"
netifaces = ">=0.10.7"
nvidia-ml-py3 = ">=7.352.0"
requests = ">=2.18.4"
six = "*"
websocket-client = ">=0.55.0"
wurlitzer = ">=1.0.2"

[package.dependencies.everett]
python = ">=3.0"
version = ">=1.0.1"

[[package]]
category = "main"
description = "Config file reading, writing and validation."
name = "configobj"
optional = false
python-versions = "*"
version = "5.0.6"

[package.dependencies]
six = "*"

[[package]]
category = "main"
description = "Composable style cycles"
name = "cycler"
optional = false
python-versions = "*"
version = "0.10.0"

[package.dependencies]
six = "*"

[[package]]
category = "main"
description = "Parallel PyData with Task Scheduling"
name = "dask"
optional = false
python-versions = ">=3.6"
version = "2.10.1"

[[package]]
category = "main"
description = "Distributed scheduler for Dask"
name = "distributed"
optional = false
python-versions = ">=3.6"
version = "2.10.0"

[package.dependencies]
click = ">=6.6"
cloudpickle = ">=0.2.2"
dask = ">=2.9.0"
msgpack = "*"
psutil = ">=5.0"
pyyaml = "*"
setuptools = "*"
sortedcontainers = "<2.0.0 || >2.0.0,<2.0.1 || >2.0.1"
tblib = "*"
toolz = ">=0.7.4"
tornado = ">=5"
zict = ">=0.1.3"

[[package]]
category = "main"
description = "Configuration library for Python applications"
marker = "python_version >= \"3.0\""
name = "everett"
optional = false
python-versions = "*"
version = "1.0.2"

[[package]]
category = "main"
description = "Python support for Parquet file format"
name = "fastparquet"
optional = false
python-versions = ">=2.7, !=3.0.*, !=3.1.*, !=3.2.*, !=3.3.*, !=3.4.*,"
version = "0.3.2"

[package.dependencies]
numba = ">=0.28"
numpy = ">=1.11"
pandas = ">=0.19"
six = "*"
thrift = ">=0.11.0"

[[package]]
category = "main"
description = "A platform independent file lock."
name = "filelock"
optional = false
python-versions = "*"
version = "3.0.12"

[[package]]
category = "main"
description = "File-system specification"
name = "fsspec"
optional = false
python-versions = ">=3.5"
version = "0.4.5"

[[package]]
category = "main"
description = "Python function signatures from PEP362 for Python 2.6, 2.7 and 3.2+"
name = "funcsigs"
optional = false
python-versions = "*"
version = "1.0.2"

[[package]]
category = "main"
description = "Python bindings and utilities for GeoJSON"
name = "geojson"
optional = false
python-versions = "*"
version = "2.5.0"

[[package]]
category = "main"
description = "a heap with decrease-key and increase-key operations"
name = "heapdict"
optional = false
python-versions = "*"
version = "1.0.1"

[[package]]
category = "main"
description = "Internationalized Domain Names in Applications (IDNA)"
name = "idna"
optional = false
python-versions = ">=2.7, !=3.0.*, !=3.1.*, !=3.2.*, !=3.3.*"
version = "2.8"

[[package]]
category = "main"
description = "Read metadata from Python packages"
marker = "python_version < \"3.8\""
name = "importlib-metadata"
optional = false
python-versions = "!=3.0.*,!=3.1.*,!=3.2.*,!=3.3.*,!=3.4.*,>=2.7"
version = "1.5.0"

[package.dependencies]
zipp = ">=0.5"

[[package]]
category = "main"
description = "A very fast and expressive template engine."
name = "jinja2"
optional = false
python-versions = ">=2.7, !=3.0.*, !=3.1.*, !=3.2.*, !=3.3.*, !=3.4.*"
version = "2.11.1"

[package.dependencies]
MarkupSafe = ">=0.23"

[[package]]
category = "main"
description = "Lightweight pipelining: using Python functions as pipeline jobs."
name = "joblib"
optional = false
python-versions = "*"
version = "0.14.1"

[[package]]
category = "main"
description = "An implementation of JSON Schema validation for Python"
name = "jsonschema"
optional = false
python-versions = "*"
version = "3.0.2"

[package.dependencies]
attrs = ">=17.4.0"
pyrsistent = ">=0.14.0"
setuptools = "*"
six = ">=1.11.0"

[[package]]
category = "main"
description = "A fast implementation of the Cassowary constraint solver"
name = "kiwisolver"
optional = false
python-versions = ">=2.7, !=3.0.*, !=3.1.*, !=3.2.*, !=3.3.*"
version = "1.1.0"

[package.dependencies]
setuptools = "*"

[[package]]
category = "main"
description = "lightweight wrapper around basic LLVM functionality"
name = "llvmlite"
optional = false
python-versions = "*"
version = "0.31.0"

[[package]]
category = "main"
description = "Powerful and Pythonic XML processing library combining libxml2/libxslt with the ElementTree API."
name = "lxml"
optional = false
python-versions = ">=2.7, !=3.0.*, !=3.1.*, !=3.2.*, !=3.3.*, != 3.4.*"
version = "4.5.0"

[[package]]
category = "main"
description = "Python implementation of Markdown."
name = "markdown"
optional = false
python-versions = ">=2.7,!=3.0.*,!=3.1.*,!=3.2.*,!=3.3.*,!=3.4.*"
version = "3.1.1"

[package.dependencies]
setuptools = ">=36"

[[package]]
category = "main"
description = "Safely add untrusted strings to HTML/XML markup."
name = "markupsafe"
optional = false
python-versions = ">=2.7,!=3.0.*,!=3.1.*,!=3.2.*,!=3.3.*"
version = "1.1.1"

[[package]]
category = "main"
description = "Python plotting package"
name = "matplotlib"
optional = false
python-versions = ">=3.6"
version = "3.1.2"

[package.dependencies]
cycler = ">=0.10"
kiwisolver = ">=1.0.1"
numpy = ">=1.11"
pyparsing = ">=2.0.1,<2.0.4 || >2.0.4,<2.1.2 || >2.1.2,<2.1.6 || >2.1.6"
python-dateutil = ">=2.1"

[[package]]
category = "main"
description = "Modin: Make your pandas code run faster by changing one line of code."
name = "modin"
optional = false
python-versions = ">=3.5"
version = "0.7.0"

[package.dependencies]
pandas = "0.25.3"

[[package]]
category = "main"
description = "More routines for operating on iterables, beyond itertools"
name = "more-itertools"
optional = false
python-versions = ">=3.5"
version = "8.2.0"

[[package]]
category = "main"
description = "D3 Viewer for Matplotlib"
name = "mpld3"
optional = false
python-versions = "*"
version = "0.3"

[[package]]
category = "main"
description = "MessagePack (de)serializer."
name = "msgpack"
optional = false
python-versions = "*"
version = "0.6.2"

[[package]]
category = "main"
description = "Portable network interface information."
name = "netifaces"
optional = false
python-versions = "*"
version = "0.10.9"

[[package]]
category = "main"
description = "compiling Python code using LLVM"
name = "numba"
optional = false
python-versions = ">=3.6"
version = "0.48.0"

[package.dependencies]
llvmlite = ">=0.31.0dev0,<0.32.0"
numpy = ">=1.15"
setuptools = "*"

[[package]]
category = "main"
description = "NumPy is the fundamental package for array computing with Python."
name = "numpy"
optional = false
python-versions = ">=3.5"
version = "1.18.1"

[[package]]
category = "main"
description = "Python Bindings for the NVIDIA Management Library"
name = "nvidia-ml-py3"
optional = false
python-versions = "*"
version = "7.352.0"

[[package]]
category = "main"
description = "Core utilities for Python packages"
name = "packaging"
optional = false
python-versions = ">=2.7, !=3.0.*, !=3.1.*, !=3.2.*, !=3.3.*"
version = "20.1"

[package.dependencies]
pyparsing = ">=2.0.2"
six = "*"

[[package]]
category = "main"
description = "Powerful data structures for data analysis, time series, and statistics"
name = "pandas"
optional = false
python-versions = ">=3.5.3"
version = "0.25.3"

[package.dependencies]
numpy = ">=1.13.3"
python-dateutil = ">=2.6.1"
pytz = ">=2017.2"

[[package]]
category = "main"
description = "Productivity library for Jupyter Notebook"
name = "pixiedust"
optional = false
python-versions = "*"
version = "1.1.18"

[package.dependencies]
astunparse = "*"
colour = "*"
geojson = "*"
lxml = "*"
markdown = "*"
mpld3 = "*"
requests = "*"

[[package]]
category = "main"
description = "An open-source, interactive graphing library for Python"
name = "plotly"
optional = false
python-versions = "*"
version = "4.5.0"

[package.dependencies]
retrying = ">=1.3.3"
six = "*"

[[package]]
category = "main"
description = "plugin and hook calling mechanisms for python"
name = "pluggy"
optional = false
python-versions = ">=2.7, !=3.0.*, !=3.1.*, !=3.2.*, !=3.3.*"
version = "0.13.1"

[package.dependencies]
[package.dependencies.importlib-metadata]
python = "<3.8"
version = ">=0.12"

[[package]]
category = "main"
description = "Protocol Buffers"
name = "protobuf"
optional = false
python-versions = "*"
version = "3.11.2"

[package.dependencies]
setuptools = "*"
six = ">=1.9"

[[package]]
category = "main"
description = "Cross-platform lib for process and system monitoring in Python."
name = "psutil"
optional = false
python-versions = ">=2.6, !=3.0.*, !=3.1.*, !=3.2.*, !=3.3.*"
version = "5.6.7"

[[package]]
category = "main"
description = "library with cross-python path, ini-parsing, io, code, log facilities"
name = "py"
optional = false
python-versions = ">=2.7, !=3.0.*, !=3.1.*, !=3.2.*, !=3.3.*"
version = "1.8.1"

[[package]]
category = "main"
description = "Python parsing module"
name = "pyparsing"
optional = false
python-versions = ">=2.6, !=3.0.*, !=3.1.*, !=3.2.*"
version = "2.4.6"

[[package]]
category = "main"
description = "Persistent/Functional/Immutable data structures"
name = "pyrsistent"
optional = false
python-versions = "*"
version = "0.15.7"

[package.dependencies]
six = "*"

[[package]]
category = "main"
description = "pytest: simple powerful testing with Python"
name = "pytest"
optional = false
python-versions = ">=3.5"
version = "5.3.5"

[package.dependencies]
atomicwrites = ">=1.0"
attrs = ">=17.4.0"
colorama = "*"
more-itertools = ">=4.0.0"
packaging = "*"
pluggy = ">=0.12,<1.0"
py = ">=1.5.0"
wcwidth = "*"

[package.dependencies.importlib-metadata]
python = "<3.8"
version = ">=0.12"

[[package]]
category = "main"
description = "Extensions to the standard Python datetime module"
name = "python-dateutil"
optional = false
python-versions = "!=3.0.*,!=3.1.*,!=3.2.*,>=2.7"
version = "2.8.1"

[package.dependencies]
six = ">=1.5"

[[package]]
category = "main"
description = "World timezone definitions, modern and historical"
name = "pytz"
optional = false
python-versions = "*"
version = "2019.3"

[[package]]
category = "main"
description = "YAML parser and emitter for Python"
name = "pyyaml"
optional = false
python-versions = ">=2.7, !=3.0.*, !=3.1.*, !=3.2.*, !=3.3.*, !=3.4.*"
version = "5.3"

[[package]]
category = "main"
description = "A system for parallel and distributed Python that unifies the ML ecosystem."
name = "ray"
optional = false
python-versions = "*"
version = "0.8.1"

[package.dependencies]
click = "*"
cloudpickle = "*"
colorama = "*"
filelock = "*"
funcsigs = "*"
jsonschema = "*"
numpy = ">=1.16"
packaging = "*"
protobuf = ">=3.8.0"
pytest = "*"
pyyaml = "*"
redis = ">=3.3.2"
six = ">=1.0.0"

[[package]]
category = "main"
description = "Python client for Redis key-value store"
name = "redis"
optional = false
python-versions = ">=2.7, !=3.0.*, !=3.1.*, !=3.2.*, !=3.3.*, !=3.4.*"
version = "3.4.1"

[[package]]
category = "main"
description = "Python HTTP for Humans."
name = "requests"
optional = false
python-versions = ">=2.7, !=3.0.*, !=3.1.*, !=3.2.*, !=3.3.*, !=3.4.*"
version = "2.22.0"

[package.dependencies]
certifi = ">=2017.4.17"
chardet = ">=3.0.2,<3.1.0"
idna = ">=2.5,<2.9"
urllib3 = ">=1.21.1,<1.25.0 || >1.25.0,<1.25.1 || >1.25.1,<1.26"

[[package]]
category = "main"
description = "Retrying"
name = "retrying"
optional = false
python-versions = "*"
version = "1.3.3"

[package.dependencies]
six = ">=1.7.0"

[[package]]
category = "main"
description = "A set of python modules for machine learning and data mining"
name = "scikit-learn"
optional = false
python-versions = ">=3.5"
version = "0.22.1"

[package.dependencies]
joblib = ">=0.11"
numpy = ">=1.11.0"
scipy = ">=0.17.0"

[[package]]
category = "main"
description = "SciPy: Scientific Library for Python"
name = "scipy"
optional = false
python-versions = ">=3.5"
version = "1.4.1"

[package.dependencies]
numpy = ">=1.13.3"

[[package]]
category = "main"
description = "A unified approach to explain the output of any machine learning model."
name = "shap"
optional = false
python-versions = "*"
version = "0.34.0"

[package.dependencies]
numpy = "*"
pandas = "*"
scikit-learn = "*"
scipy = "*"
tqdm = ">4.25.0"

[[package]]
category = "main"
description = "Python 2 and 3 compatibility utilities"
name = "six"
optional = false
python-versions = ">=2.7, !=3.0.*, !=3.1.*, !=3.2.*"
version = "1.14.0"

[[package]]
category = "main"
description = "Sorted Containers -- Sorted List, Sorted Dict, Sorted Set"
name = "sortedcontainers"
optional = false
python-versions = "*"
version = "2.1.0"

[[package]]
category = "main"
description = "Traceback serialization library."
name = "tblib"
optional = false
python-versions = ">=2.7, !=3.0.*, !=3.1.*, !=3.2.*, !=3.3.*, !=3.4.*"
version = "1.6.0"

[[package]]
category = "main"
description = "Python bindings for the Apache Thrift RPC system"
name = "thrift"
optional = false
python-versions = "*"
version = "0.13.0"

[package.dependencies]
six = ">=1.7.2"

[[package]]
category = "main"
description = "List processing tools and functional utilities"
name = "toolz"
optional = false
python-versions = ">=2.7, !=3.0.*, !=3.1.*, !=3.2.*, !=3.3.*"
version = "0.10.0"

[[package]]
category = "main"
description = "Tensors and Dynamic neural networks in Python with strong GPU acceleration"
name = "torch"
optional = false
python-versions = ">=2.7, !=3.0.*, !=3.1.*, !=3.2.*, !=3.3.*, !=3.4.*"
version = "1.4.0"

[[package]]
category = "main"
description = "Tornado is a Python web framework and asynchronous networking library, originally developed at FriendFeed."
name = "tornado"
optional = false
python-versions = ">= 3.5"
version = "6.0.3"

[[package]]
category = "main"
description = "Fast, Extensible Progress Meter"
name = "tqdm"
optional = false
python-versions = ">=2.6, !=3.0.*, !=3.1.*"
version = "4.42.0"

[[package]]
category = "main"
description = "HTTP library with thread-safe connection pooling, file post, and more."
name = "urllib3"
optional = false
python-versions = ">=2.7, !=3.0.*, !=3.1.*, !=3.2.*, !=3.3.*, !=3.4.*, <4"
version = "1.25.8"

[[package]]
category = "main"
description = "Measures number of Terminal column cells of wide-character codes"
name = "wcwidth"
optional = false
python-versions = "*"
version = "0.1.8"

[[package]]
category = "main"
description = "WebSocket client for Python. hybi13 is supported."
name = "websocket-client"
optional = false
python-versions = ">=2.6, !=3.0.*, !=3.1.*, !=3.2.*, !=3.3.*"
version = "0.57.0"

[package.dependencies]
six = "*"

[[package]]
category = "main"
description = "A built-package format for Python"
name = "wheel"
optional = false
python-versions = ">=2.7, !=3.0.*, !=3.1.*, !=3.2.*, !=3.3.*, !=3.4.*"
version = "0.34.2"

[[package]]
category = "main"
description = "Capture C-level output in context managers"
name = "wurlitzer"
optional = false
python-versions = ">=2.7"
version = "2.0.0"

[[package]]
category = "main"
description = "XGBoost Python Package"
name = "xgboost"
optional = false
python-versions = ">=3.4"
version = "0.90"

[package.dependencies]
numpy = "*"
scipy = "*"

[[package]]
category = "main"
description = "Mutable mapping tools"
name = "zict"
optional = false
python-versions = "*"
version = "1.0.0"

[package.dependencies]
heapdict = "*"

[[package]]
category = "main"
description = "Backport of pathlib-compatible object wrapper for zip files"
marker = "python_version < \"3.8\""
name = "zipp"
optional = false
python-versions = ">=3.6"
version = "2.1.0"

[metadata]
content-hash = "ce246ef4f9f77c4b019e5190cc3cb632cf446af45c229e437e575445661f2ca7"
python-versions = "^3.6"

[metadata.hashes]
astunparse = ["5ad93a8456f0d084c3456d059fd9a92cce667963232cbf763eac3bc5b7940872", "c2652417f2c8b5bb325c885ae329bdf3f86424075c4fd1a128674bc6fba4b8e8"]
atomicwrites = ["03472c30eb2c5d1ba9227e4c2ca66ab8287fbfbbda3888aa93dc2e28fc6811b4", "75a9445bac02d8d058d5e1fe689654ba5a6556a1dfd8ce6ec55a0ed79866cfa6"]
attrs = ["08a96c641c3a74e44eb59afb61a24f2cb9f4d7188748e76ba4bb5edfa3cb7d1c", "f7b7ce16570fe9965acd6d30101a28f62fb4a7f9e926b3bbc9b61f8b04247e72"]
certifi = ["017c25db2a153ce562900032d5bc68e9f191e44e9a0f762f373977de9df1fbb3", "25b64c7da4cd7479594d035c08c2d809eb4aab3a26e5a990ea98cc450c320f1f"]
chardet = ["84ab92ed1c4d4f16916e05906b6b75a6c0fb5db821cc65e70cbd64a3e2a5eaae", "fc323ffcaeaed0e0a02bf4d117757b98aed530d9ed4531e3e15460124c106691"]
click = ["2335065e6395b9e67ca716de5f7526736bfa6ceead690adf616d925bdc622b13", "5b94b49521f6456670fdb30cd82a4eca9412788a93fa6dd6df72c94d5a8ff2d7"]
cloudpickle = ["922401d7140e133253ff5fab4faa4a1166416066453a783b00b507dca93f8859", "f3ef2c9d438f1553ce7795afb18c1f190d8146132496169ef6aa9b7b65caa4c3"]
colorama = ["7d73d2a99753107a36ac6b455ee49046802e59d9d076ef8e47b61499fa29afff", "e96da0d330793e2cb9485e9ddfd918d456036c7149416295932478192f4436a1"]
colour = ["33f6db9d564fadc16e59921a56999b79571160ce09916303d35346dddc17978c", "af20120fefd2afede8b001fbef2ea9da70ad7d49fafdb6489025dae8745c3aee"]
comet-git-pure = ["82d292a1253e7a022155ed7688542cb4155b49d580880aaf4359f3c2d7f694fd", "96e3fdc6fbedb615df77660a48e84633d1dcf6fe09c48e3b804a511129f8c974", "f4d419157103703fc52fb3b1e6a1ef12b7ca6520a510d7585f712fe949cf1bba"]
comet-ml = ["2c0f56c36ea9d7dd5cd2c818317667bf5eec331122c4ae1732b78b2fd0fd0488", "9a6b7ceff4a582720a5c0b27f2db6b2396e900faee6c99a5a116982fd84d3445"]
configobj = ["a2f5650770e1c87fb335af19a9b7eb73fc05ccf22144eb68db7d00cd2bcb0902"]
cycler = ["1d8a5ae1ff6c5cf9b93e8811e581232ad8920aeec647c37316ceac982b08cb2d", "cd7b2d1018258d7247a71425e9f26463dfb444d411c39569972f4ce586b0c9d8"]
dask = ["b20d7dfb8f9f23de9c6c810e0e8b44c3cd83c49f52d26e6d6a0679ed2867de2b", "cf9ebd3797e69350cfa463aaeefe20f58c07d84d6fa9548367cd102b5f9b61bb"]
distributed = ["04342deeeb4771de9553c41de545d194b00dc88361c34ea8fca79c2210d56368", "2f8cca741a20f776929cbad3545f2df64cf60207fb21f774ef24aad6f6589e8b"]
everett = ["66c7991c056fd9b1de54c29e2b5004a30209530faef698d6ecfbf24bfbbdd1fb", "8a5ee8cdde0ed6b3bbb63249e0e0703d4ad91921107ff198e0868ffce5f7b6bc"]
fastparquet = ["d81dcec444f4c4829234b9baac57c7125b8fbe9119c2eca2dee922650db49205"]
filelock = ["18d82244ee114f543149c66a6e0c14e9c4f8a1044b5cdaadd0f82159d6a6ff59", "929b7d63ec5b7d6b71b0fa5ac14e030b3f70b75747cef1b10da9b879fef15836"]
fsspec = ["824e406f5628cfde927ac945acf4ff70bc712b8bd204d7b99fe127993254db70"]
funcsigs = ["330cc27ccbf7f1e992e69fef78261dc7c6569012cf397db8d3de0234e6c937ca", "a7bb0f2cf3a3fd1ab2732cb49eba4252c2af4240442415b4abce3b87022a8f50"]
geojson = ["6e4bb7ace4226a45d9c8c8b1348b3fc43540658359f93c3f7e03efa9f15f658a", "ccbd13368dd728f4e4f13ffe6aaf725b6e802c692ba0dde628be475040c534ba"]
heapdict = ["6065f90933ab1bb7e50db403b90cab653c853690c5992e69294c2de2b253fc92", "8495f57b3e03d8e46d5f1b2cc62ca881aca392fd5cc048dc0aa2e1a6d23ecdb6"]
idna = ["c357b3f628cf53ae2c4c05627ecc484553142ca23264e593d327bcde5e9c3407", "ea8b7f6188e6fa117537c3df7da9fc686d485087abf6ac197f9c46432f7e4a3c"]
importlib-metadata = ["06f5b3a99029c7134207dd882428a66992a9de2bef7c2b699b5641f9886c3302", "b97607a1a18a5100839aec1dc26a1ea17ee0d93b20b0f008d80a5a050afb200b"]
jinja2 = ["93187ffbc7808079673ef52771baa950426fd664d3aad1d0fa3e95644360e250", "b0eaf100007721b5c16c1fc1eecb87409464edc10469ddc9a22a27a99123be49"]
joblib = ["0630eea4f5664c463f23fbf5dcfc54a2bc6168902719fa8e19daf033022786c8", "bdb4fd9b72915ffb49fde2229ce482dd7ae79d842ed8c2b4c932441495af1403"]
jsonschema = ["5f9c0a719ca2ce14c5de2fd350a64fd2d13e8539db29836a86adc990bb1a068f", "8d4a2b7b6c2237e0199c8ea1a6d3e05bf118e289ae2b9d7ba444182a2959560d"]
kiwisolver = ["05b5b061e09f60f56244adc885c4a7867da25ca387376b02c1efc29cc16bcd0f", "26f4fbd6f5e1dabff70a9ba0d2c4bd30761086454aa30dddc5b52764ee4852b7", "3b2378ad387f49cbb328205bda569b9f87288d6bc1bf4cd683c34523a2341efe", "400599c0fe58d21522cae0e8b22318e09d9729451b17ee61ba8e1e7c0346565c", "47b8cb81a7d18dbaf4fed6a61c3cecdb5adec7b4ac292bddb0d016d57e8507d5", "53eaed412477c836e1b9522c19858a8557d6e595077830146182225613b11a75", "58e626e1f7dfbb620d08d457325a4cdac65d1809680009f46bf41eaf74ad0187", "5a52e1b006bfa5be04fe4debbcdd2688432a9af4b207a3f429c74ad625022641", "5c7ca4e449ac9f99b3b9d4693debb1d6d237d1542dd6a56b3305fe8a9620f883", "682e54f0ce8f45981878756d7203fd01e188cc6c8b2c5e2cf03675390b4534d5", "79bfb2f0bd7cbf9ea256612c9523367e5ec51d7cd616ae20ca2c90f575d839a2", "7f4dd50874177d2bb060d74769210f3bce1af87a8c7cf5b37d032ebf94f0aca3", "8944a16020c07b682df861207b7e0efcd2f46c7488619cb55f65882279119389", "8aa7009437640beb2768bfd06da049bad0df85f47ff18426261acecd1cf00897", "939f36f21a8c571686eb491acfffa9c7f1ac345087281b412d63ea39ca14ec4a", "9733b7f64bd9f807832d673355f79703f81f0b3e52bfce420fc00d8cb28c6a6c", "a02f6c3e229d0b7220bd74600e9351e18bc0c361b05f29adae0d10599ae0e326", "a0c0a9f06872330d0dd31b45607197caab3c22777600e88031bfe66799e70bb0", "acc4df99308111585121db217681f1ce0eecb48d3a828a2f9bbf9773f4937e9e", "b64916959e4ae0ac78af7c3e8cef4becee0c0e9694ad477b4c6b3a536de6a544", "d3fcf0819dc3fea58be1fd1ca390851bdb719a549850e708ed858503ff25d995", "d52e3b1868a4e8fd18b5cb15055c76820df514e26aa84cc02f593d99fef6707f", "db1a5d3cc4ae943d674718d6c47d2d82488ddd94b93b9e12d24aabdbfe48caee", "e3a21a720791712ed721c7b95d433e036134de6f18c77dbe96119eaf7aa08004", "e8bf074363ce2babeb4764d94f8e65efd22e6a7c74860a4f05a6947afc020ff2", "f16814a4a96dc04bf1da7d53ee8d5b1d6decfc1a92a63349bb15d37b6a263dd9", "f2b22153870ca5cf2ab9c940d7bc38e8e9089fa0f7e5856ea195e1cf4ff43d5a", "f790f8b3dff3d53453de6a7b7ddd173d2e020fb160baff578d578065b108a05f"]
llvmlite = ["00fdf20d2f4972a00bcfaa9ce62ee55208ae5df38906a198650ddf91ba6a5fba", "1a917b1b27895d0707078028ae842b3184e617ac04014965b197212e00d8e057", "22ab2b9d7ec79fab66ac8b3d2133347de86addc2e2df1b3793e523ac84baa3c8", "312cca3af9f539a81432cd47f06a621d895c21e8cb1db2f9cfb22acd7fb69fa5", "3601a869da83e5fb1abbe55ecfcecb957f9d899179a4ef66fc4b3b82b461fc5a", "363738f3eb3c6bed65cac38f295ff81a19a74e5aeab3d02e4e3b820279d8e36a", "4e8154d1496a58157652fad1b13d817f73db80eb85b5915d49a9573a26655e38", "5593acefd5f01765ee403ea4b0288a59aff2276eb8f5241deb2e52018219a66a", "5a771ae6398c24117797e9fa0fa70def5334eeab918beaafd40718e80e5f936a", "5bcbb90807a42cd7f47d32e25e270a6886f89ae6783059ee3e1e4aa13d13f2a0", "5c676a549f44e559d7406824de83f659995b13b80c18aca4760981c9049a1a2d", "607fb3738cdc803ffcc69ef3732595f7c66c203c5a7eea35b26f89822fb2baaa", "6699b0e6637f4f8624c2dd069b7b427da582f7ca3900f080bfebb5ff556272bd", "6e4129f2d33a76c1415d2808bae58a15d5480b1cc09fd3e80fc8d0e25bf6c27e", "7e8baa6d5b4383ca7b0abe0e8968b16d4e6b1c0691cbcef18eab298e9c840b5e", "7f4bffdf6cb4f5bab4060ea57cdc11344d9b406227efb8ae1c5e4823e8d146d1", "8189c8ad167ef8a65f4bbf9cbff19efbec7f0392996eec18f5e6b274462111b7", "81fc9ac6682a41f53bca113a8f97959b92728112f91714e850a72dc6d9dd8ced", "947b81539aa751ff627626172a3bdb0ba0a92bfd1de1847f4c1ad7928ea2ea70", "94c5c625088a9ddc0fcd2953f1e7cd94038e3c90b24522a5ba10559b2dd7f563", "c842b722a38370ef5836e16cf73981da8f2f3765cead55b2d51fc87c65840f70", "c999bbf838b7b29b81e070517ec2dad7f408428e4651f779028e0a35ed6f2dea", "d2a4e62b9f703bb669bb78ca45202dfedf6a1df000866d3ed694f29a85a73f4f", "d45b733f5ac76838a20c56d19d6a3032b856c2cedf7a65ce2a4e8a45f4062f93", "ebc86e3bb85fd2ad7f88ce80507350814719195d7555a802cd628713d3c08883", "fdba22341cefbdd7b8d57cc23256b5d5ab16faa64d744d66ecae6a0af86b1f9b"]
lxml = ["06d4e0bbb1d62e38ae6118406d7cdb4693a3fa34ee3762238bcb96c9e36a93cd", "0701f7965903a1c3f6f09328c1278ac0eee8f56f244e66af79cb224b7ef3801c", "1f2c4ec372bf1c4a2c7e4bb20845e8bcf8050365189d86806bad1e3ae473d081", "4235bc124fdcf611d02047d7034164897ade13046bda967768836629bc62784f", "5828c7f3e615f3975d48f40d4fe66e8a7b25f16b5e5705ffe1d22e43fb1f6261", "585c0869f75577ac7a8ff38d08f7aac9033da2c41c11352ebf86a04652758b7a", "5d467ce9c5d35b3bcc7172c06320dddb275fea6ac2037f72f0a4d7472035cea9", "63dbc21efd7e822c11d5ddbedbbb08cd11a41e0032e382a0fd59b0b08e405a3a", "7bc1b221e7867f2e7ff1933165c0cec7153dce93d0cdba6554b42a8beb687bdb", "8620ce80f50d023d414183bf90cc2576c2837b88e00bea3f33ad2630133bbb60", "8a0ebda56ebca1a83eb2d1ac266649b80af8dd4b4a3502b2c1e09ac2f88fe128", "90ed0e36455a81b25b7034038e40880189169c308a3df360861ad74da7b68c1a", "95e67224815ef86924fbc2b71a9dbd1f7262384bca4bc4793645794ac4200717", "afdb34b715daf814d1abea0317b6d672476b498472f1e5aacbadc34ebbc26e89", "b4b2c63cc7963aedd08a5f5a454c9f67251b1ac9e22fd9d72836206c42dc2a72", "d068f55bda3c2c3fcaec24bd083d9e2eede32c583faf084d6e4b9daaea77dde8", "d5b3c4b7edd2e770375a01139be11307f04341ec709cf724e0f26ebb1eef12c3", "deadf4df349d1dcd7b2853a2c8796593cc346600726eff680ed8ed11812382a7", "df533af6f88080419c5a604d0d63b2c33b1c0c4409aba7d0cb6de305147ea8c8", "e4aa948eb15018a657702fee0b9db47e908491c64d36b4a90f59a64741516e77", "e5d842c73e4ef6ed8c1bd77806bf84a7cb535f9c0cf9b2c74d02ebda310070e1", "ebec08091a22c2be870890913bdadd86fcd8e9f0f22bcb398abd3af914690c15", "edc15fcfd77395e24543be48871c251f38132bb834d9fdfdad756adb6ea37679", "f2b74784ed7e0bc2d02bd53e48ad6ba523c9b36c194260b7a5045071abbb1012", "fa071559f14bd1e92077b1b5f6c22cf09756c6de7139370249eb372854ce51e6", "fd52e796fee7171c4361d441796b64df1acfceb51f29e545e812f16d023c4bbc", "fe976a0f1ef09b3638778024ab9fb8cde3118f203364212c198f71341c0715ca"]
markdown = ["2e50876bcdd74517e7b71f3e7a76102050edec255b3983403f1a63e7c8a41e7a", "56a46ac655704b91e5b7e6326ce43d5ef72411376588afa1dd90e881b83c7e8c"]
markupsafe = ["00bc623926325b26bb9605ae9eae8a215691f33cae5df11ca5424f06f2d1f473", "09027a7803a62ca78792ad89403b1b7a73a01c8cb65909cd876f7fcebd79b161", "09c4b7f37d6c648cb13f9230d847adf22f8171b1ccc4d5682398e77f40309235", "1027c282dad077d0bae18be6794e6b6b8c91d58ed8a8d89a89d59693b9131db5", "24982cc2533820871eba85ba648cd53d8623687ff11cbb805be4ff7b4c971aff", "29872e92839765e546828bb7754a68c418d927cd064fd4708fab9fe9c8bb116b", "43a55c2930bbc139570ac2452adf3d70cdbb3cfe5912c71cdce1c2c6bbd9c5d1", "46c99d2de99945ec5cb54f23c8cd5689f6d7177305ebff350a58ce5f8de1669e", "500d4957e52ddc3351cabf489e79c91c17f6e0899158447047588650b5e69183", "535f6fc4d397c1563d08b88e485c3496cf5784e927af890fb3c3aac7f933ec66", "62fe6c95e3ec8a7fad637b7f3d372c15ec1caa01ab47926cfdf7a75b40e0eac1", "6dd73240d2af64df90aa7c4e7481e23825ea70af4b4922f8ede5b9e35f78a3b1", "717ba8fe3ae9cc0006d7c451f0bb265ee07739daf76355d06366154ee68d221e", "79855e1c5b8da654cf486b830bd42c06e8780cea587384cf6545b7d9ac013a0b", "7c1699dfe0cf8ff607dbdcc1e9b9af1755371f92a68f706051cc8c37d447c905", "88e5fcfb52ee7b911e8bb6d6aa2fd21fbecc674eadd44118a9cc3863f938e735", "8defac2f2ccd6805ebf65f5eeb132adcf2ab57aa11fdf4c0dd5169a004710e7d", "98c7086708b163d425c67c7a91bad6e466bb99d797aa64f965e9d25c12111a5e", "9add70b36c5666a2ed02b43b335fe19002ee5235efd4b8a89bfcf9005bebac0d", "9bf40443012702a1d2070043cb6291650a0841ece432556f784f004937f0f32c", "ade5e387d2ad0d7ebf59146cc00c8044acbd863725f887353a10df825fc8ae21", "b00c1de48212e4cc9603895652c5c410df699856a2853135b3967591e4beebc2", "b1282f8c00509d99fef04d8ba936b156d419be841854fe901d8ae224c59f0be5", "b2051432115498d3562c084a49bba65d97cf251f5a331c64a12ee7e04dacc51b", "ba59edeaa2fc6114428f1637ffff42da1e311e29382d81b339c1817d37ec93c6", "c8716a48d94b06bb3b2524c2b77e055fb313aeb4ea620c8dd03a105574ba704f", "cd5df75523866410809ca100dc9681e301e3c27567cf498077e8551b6d20e42f", "e249096428b3ae81b08327a63a485ad0878de3fb939049038579ac0ef61e17e7"]
matplotlib = ["08ccc8922eb4792b91c652d3e6d46b1c99073f1284d1b6705155643e8046463a", "161dcd807c0c3232f4dcd4a12a382d52004a498174cbfafd40646106c5bcdcc8", "1f9e885bfa1b148d16f82a6672d043ecf11197f6c71ae222d0546db706e52eb2", "2d6ab54015a7c0d727c33e36f85f5c5e4172059efdd067f7527f6e5d16ad01aa", "5d2e408a2813abf664bd79431107543ecb449136912eb55bb312317edecf597e", "61c8b740a008218eb604de518eb411c4953db0cb725dd0b32adf8a81771cab9e", "80f10af8378fccc136da40ea6aa4a920767476cdfb3241acb93ef4f0465dbf57", "819d4860315468b482f38f1afe45a5437f60f03eaede495d5ff89f2eeac89500", "8cc0e44905c2c8fda5637cad6f311eb9517017515a034247ab93d0cf99f8bb7a", "8e8e2c2fe3d873108735c6ee9884e6f36f467df4a143136209cff303b183bada", "98c2ffeab8b79a4e3a0af5dd9939f92980eb6e3fec10f7f313df5f35a84dacab", "d59bb0e82002ac49f4152963f8a1079e66794a4f454457fd2f0dcc7bf0797d30", "ee59b7bb9eb75932fe3787e54e61c99b628155b0cedc907864f24723ba55b309"]
modin = ["231b4f23233195da7d6c37ae50e060eaa0206d67c47361349a788d66f1b314ed", "e695a73d4f606866e7c0861297877fbd8c3ae457ddf3c667e599bf87e29105a7"]
more-itertools = ["5dd8bcf33e5f9513ffa06d5ad33d78f31e1931ac9a18f33d37e77a180d393a7c", "b1ddb932186d8a6ac451e1d95844b382f55e12686d51ca0c68b6f61f2ab7a507"]
mpld3 = ["4d455884a211bf99b37ecc760759435c7bb6a5955de47d8daf4967e301878ab7"]
msgpack = ["0cc7ca04e575ba34fea7cfcd76039f55def570e6950e4155a4174368142c8e1b", "187794cd1eb73acccd528247e3565f6760bd842d7dc299241f830024a7dd5610", "1904b7cb65342d0998b75908304a03cb004c63ef31e16c8c43fee6b989d7f0d7", "229a0ccdc39e9b6c6d1033cd8aecd9c296823b6c87f0de3943c59b8bc7c64bee", "24149a75643aeaa81ece4259084d11b792308a6cf74e796cbb35def94c89a25a", "30b88c47e0cdb6062daed88ca283b0d84fa0d2ad6c273aa0788152a1c643e408", "32fea0ea3cd1ef820286863a6202dcfd62a539b8ec3edcbdff76068a8c2cc6ce", "355f7fd0f90134229eaeefaee3cf42e0afc8518e8f3cd4b25f541a7104dcb8f9", "4abdb88a9b67e64810fb54b0c24a1fd76b12297b4f7a1467d85a14dd8367191a", "757bd71a9b89e4f1db0622af4436d403e742506dbea978eba566815dc65ec895", "76df51492bc6fa6cc8b65d09efdb67cbba3cbfe55004c3afc81352af92b4a43c", "774f5edc3475917cd95fe593e625d23d8580f9b48b570d8853d06cac171cd170", "8a3ada8401736df2bf497f65589293a86c56e197a80ae7634ec2c3150a2f5082", "a06efd0482a1942aad209a6c18321b5e22d64eb531ea20af138b28172d8f35ba", "b24afc52e18dccc8c175de07c1d680bdf315844566f4952b5bedb908894bec79", "b8b4bd3dafc7b92608ae5462add1c8cc881851c2d4f5d8977fdea5b081d17f21", "c6e5024fc0cdf7f83b6624850309ddd7e06c48a75fa0d1c5173de4d93300eb19", "db7ff14abc73577b0bcbcf73ecff97d3580ecaa0fc8724babce21fdf3fe08ef6", "dedf54d72d9e7b6d043c244c8213fe2b8bbfe66874b9a65b39c4cc892dd99dd4", "ea3c2f859346fcd55fc46e96885301d9c2f7a36d453f5d8f2967840efa1e1830", "f0f47bafe9c9b8ed03e19a100a743662dd8c6d0135e684feea720a0d0046d116"]
netifaces = ["078986caf4d6a602a4257d3686afe4544ea74362b8928e9f4389b5cd262bc215", "0c4304c6d5b33fbd9b20fdc369f3a2fef1a8bbacfb6fd05b9708db01333e9e7b", "2dee9ffdd16292878336a58d04a20f0ffe95555465fee7c9bd23b3490ef2abf3", "3095218b66d359092b82f07c5422293c2f6559cf8d36b96b379cc4cdc26eeffa", "30ed89ab8aff715caf9a9d827aa69cd02ad9f6b1896fd3fb4beb998466ed9a3c", "4921ed406386246b84465950d15a4f63480c1458b0979c272364054b29d73084", "563a1a366ee0fb3d96caab79b7ac7abd2c0a0577b157cc5a40301373a0501f89", "5b3167f923f67924b356c1338eb9ba275b2ba8d64c7c2c47cf5b5db49d574994", "6d84e50ec28e5d766c9911dce945412dc5b1ce760757c224c71e1a9759fa80c2", "755050799b5d5aedb1396046f270abfc4befca9ccba3074f3dbbb3cb34f13aae", "75d3a4ec5035db7478520ac547f7c176e9fd438269e795819b67223c486e5cbe", "7a25a8e28281504f0e23e181d7a9ed699c72f061ca6bdfcd96c423c2a89e75fc", "7cc6fd1eca65be588f001005446a47981cbe0b2909f5be8feafef3bf351a4e24", "86b8a140e891bb23c8b9cb1804f1475eb13eea3dbbebef01fcbbf10fbafbee42", "ad10acab2ef691eb29a1cc52c3be5ad1423700e993cc035066049fa72999d0dc", "b2ff3a0a4f991d2da5376efd3365064a43909877e9fabfa801df970771161d29", "b47e8f9ff6846756be3dc3fb242ca8e86752cd35a08e06d54ffc2e2a2aca70ea", "da298241d87bcf468aa0f0705ba14572ad296f24c4fda5055d6988701d6fd8e1", "db881478f1170c6dd524175ba1c83b99d3a6f992a35eca756de0ddc4690a1940", "f0427755c68571df37dc58835e53a4307884a48dec76f3c01e33eb0d4a3a81d7", "f8885cc48c8c7ad51f36c175e462840f163cb4687eeb6c6d7dfaf7197308e36b", "f911b7f0083d445c8d24cfa5b42ad4996e33250400492080f5018a28c026db2b"]
numba = ["139ef37fe367d67daf82d131962b33c6b0a6bf53f8af5689bed233e5a7395438", "2fcce007f90bba1d47ecc7511732a9fd38823f5499f7dd0f1debab764677ec5e", "3936ff4234cda9d17b921f7604f09045fefbe94b0f14c7a0d2c43aa9329b05a6", "43663ed9ffc67adb1977d1ada188c636389d3c1d2812687f5480f468019b5a6c", "489f010fab602d1f978a33e5449ce44b782d7a2a860fb3c23711abb2631920b0", "5128e59c62e7b6cd6ed31d2e091d2a3df703e8411ae13db88d1ca00c4ec67a79", "552f96244d484c985fedc6710a176e98b08f1d9578560df72bbe936e02b3d16f", "5aad5e53e86319de37662991faca1cf1df9adfa655c05a2638951df1955b4096", "86bee1f1b1096f948c661fedfecd7063aad1d0a5c6ac37f7a6c411fd2b1de1a9", "8c25667d9f6a962bf71170041fd30f548cb56eb05f258f979ef30dfb26d25ce6", "98d38454f6c0de2f3c4052732f34020aea6b518cb9fcfc07fbb5fe4093f69ea3", "9d21bc77e67006b5723052840c88cc59248e079a907cc68f1a1a264e1eaba017", "a82ff049f13d0372ccf5985af0eaa10efc0be8299cf9bed495f87405769db600", "bceef6378647f78e316b8421f09a2bac36961affd66aa61d48160d68992172d1", "daa8deefad91c4ca6f7b8a4ca1d434b0964bc171c6e06554ce7b16a0f6ddaf8b", "e49e4156240297f2bacf750d3fef24b51fc85d89fc18ec3656183629944277be", "ef945c290e528da513ba2a81e4a34ebbfef4657aaa442a64fcbc7330d031d66a"]
numpy = ["1786a08236f2c92ae0e70423c45e1e62788ed33028f94ca99c4df03f5be6b3c6", "17aa7a81fe7599a10f2b7d95856dc5cf84a4eefa45bc96123cbbc3ebc568994e", "20b26aaa5b3da029942cdcce719b363dbe58696ad182aff0e5dcb1687ec946dc", "2d75908ab3ced4223ccba595b48e538afa5ecc37405923d1fea6906d7c3a50bc", "39d2c685af15d3ce682c99ce5925cc66efc824652e10990d2462dfe9b8918c6a", "56bc8ded6fcd9adea90f65377438f9fea8c05fcf7c5ba766bef258d0da1554aa", "590355aeade1a2eaba17617c19edccb7db8d78760175256e3cf94590a1a964f3", "70a840a26f4e61defa7bdf811d7498a284ced303dfbc35acb7be12a39b2aa121", "77c3bfe65d8560487052ad55c6998a04b654c2fbc36d546aef2b2e511e760971", "9537eecf179f566fd1c160a2e912ca0b8e02d773af0a7a1120ad4f7507cd0d26", "9acdf933c1fd263c513a2df3dceecea6f3ff4419d80bf238510976bf9bcb26cd", "ae0975f42ab1f28364dcda3dde3cf6c1ddab3e1d4b2909da0cb0191fa9ca0480", "b3af02ecc999c8003e538e60c89a2b37646b39b688d4e44d7373e11c2debabec", "b6ff59cee96b454516e47e7721098e6ceebef435e3e21ac2d6c3b8b02628eb77", "b765ed3930b92812aa698a455847141869ef755a87e099fddd4ccf9d81fffb57", "c98c5ffd7d41611407a1103ae11c8b634ad6a43606eca3e2a5a269e5d6e8eb07", "cf7eb6b1025d3e169989416b1adcd676624c2dbed9e3bcb7137f51bfc8cc2572", "d92350c22b150c1cae7ebb0ee8b5670cc84848f6359cf6b5d8f86617098a9b73", "e422c3152921cece8b6a2fb6b0b4d73b6579bd20ae075e7d15143e711f3ca2ca", "e840f552a509e3380b0f0ec977e8124d0dc34dc0e68289ca28f4d7c1d0d79474", "f3d0a94ad151870978fb93538e95411c83899c9dc63e6fb65542f769568ecfa5"]
nvidia-ml-py3 = ["390f02919ee9d73fe63a98c73101061a6b37fa694a793abf56673320f1f51277"]
packaging = ["170748228214b70b672c581a3dd610ee51f733018650740e98c7df862a583f73", "e665345f9eef0c621aa0bf2f8d78cf6d21904eef16a93f020240b704a57f1334"]
pandas = ["00dff3a8e337f5ed7ad295d98a31821d3d0fe7792da82d78d7fd79b89c03ea9d", "22361b1597c8c2ffd697aa9bf85423afa9e1fcfa6b1ea821054a244d5f24d75e", "255920e63850dc512ce356233081098554d641ba99c3767dde9e9f35630f994b", "26382aab9c119735908d94d2c5c08020a4a0a82969b7e5eefb92f902b3b30ad7", "33970f4cacdd9a0ddb8f21e151bfb9f178afb7c36eb7c25b9094c02876f385c2", "4545467a637e0e1393f7d05d61dace89689ad6d6f66f267f86fff737b702cce9", "52da74df8a9c9a103af0a72c9d5fdc8e0183a90884278db7f386b5692a2220a4", "61741f5aeb252f39c3031d11405305b6d10ce663c53bc3112705d7ad66c013d0", "6a3ac2c87e4e32a969921d1428525f09462770c349147aa8e9ab95f88c71ec71", "7458c48e3d15b8aaa7d575be60e1e4dd70348efcd9376656b72fecd55c59a4c3", "78bf638993219311377ce9836b3dc05f627a666d0dbc8cec37c0ff3c9ada673b", "8153705d6545fd9eb6dd2bc79301bff08825d2e2f716d5dced48daafc2d0b81f", "975c461accd14e89d71772e89108a050fa824c0b87a67d34cedf245f6681fc17", "9962957a27bfb70ab64103d0a7b42fa59c642fb4ed4cb75d0227b7bb9228535d", "adc3d3a3f9e59a38d923e90e20c4922fc62d1e5a03d083440468c6d8f3f1ae0a", "bbe3eb765a0b1e578833d243e2814b60c825b7fdbf4cdfe8e8aae8a08ed56ecf", "df8864824b1fe488cf778c3650ee59c3a0d8f42e53707de167ba6b4f7d35f133", "e45055c30a608076e31a9fcd780a956ed3b1fa20db61561b8d88b79259f526f7", "ee50c2142cdcf41995655d499a157d0a812fce55c97d9aad13bc1eef837ed36c"]
pixiedust = ["d2252c1fdb58ac0cd754bcd4c42f389864a4eacaba5ee2719552c1bcc2663662"]
plotly = ["a19ed783bcf094e6207b3699ab261465bf3c7d299403678801de634bf17e2559", "bb5271f648913cf330a0de4ede3084cda848f8ad8b080330a0678e1b21df97b0"]
pluggy = ["15b2acde666561e1298d71b523007ed7364de07029219b604cf808bfa1c765b0", "966c145cd83c96502c3c3868f50408687b38434af77734af1e9ca461a4081d2d"]
protobuf = ["0329e86a397db2a83f9dcbe21d9be55a47f963cdabc893c3a24f4d3a8f117c37", "0a7219254afec0d488211f3d482d8ed57e80ae735394e584a98d8f30a8c88a36", "14d6ac53df9cb5bb87c4f91b677c1bc5cec9c0fd44327f367a3c9562de2877c4", "180fc364b42907a1d2afa183ccbeffafe659378c236b1ec3daca524950bb918d", "3d7a7d8d20b4e7a8f63f62de2d192cfd8b7a53c56caba7ece95367ca2b80c574", "3f509f7e50d806a434fe4a5fbf602516002a0f092889209fff7db82060efffc0", "4571da974019849201fc1ec6626b9cea54bd11b6bed140f8f737c0a33ea37de5", "557686c43fbd04f5f7c533f00feee9a37dcca7b5896e3ae3664a33864e6dd546", "56bd1d84fbf4505c7b73f04de987eef5682e5752c811141b0186a3809bfb396f", "680c668d00b5eff08b86aef9e5ba9a705e621ea05d39071cfea8e28cb2400946", "6b5b947dc8b3f2aec0eaad65b0b5113fcd642c358c31357c647da6281ee31104", "6e96dffaf4d0a9a329e528b353ba62fd9ef13599688723d96bc9c165d0b6871e", "919f0d6f6addc836d08658eba3b52be2e92fd3e76da3ce00c325d8e9826d17c7", "9c7b19c30cf0644afd0e4218b13f637ce54382fdcb1c8f75bf3e84e49a5f6d0a", "a2e6f57114933882ec701807f217df2fb4588d47f71f227c0a163446b930d507", "a6b970a2eccfcbabe1acf230fbf112face1c4700036c95e195f3554d7bcb04c1", "bc45641cbcdea068b67438244c926f9fd3e5cbdd824448a4a64370610df7c593", "d61b14a9090da77fe87e38ba4c6c43d3533dcbeb5d84f5474e7ac63c532dcc9c", "d6faf5dbefb593e127463f58076b62fcfe0784187be8fe1aa9167388f24a22a1"]
psutil = ["094f899ac3ef72422b7e00411b4ed174e3c5a2e04c267db6643937ddba67a05b", "10b7f75cc8bd676cfc6fa40cd7d5c25b3f45a0e06d43becd7c2d2871cbb5e806", "1b1575240ca9a90b437e5a40db662acd87bbf181f6aa02f0204978737b913c6b", "21231ef1c1a89728e29b98a885b8e0a8e00d09018f6da5cdc1f43f988471a995", "28f771129bfee9fc6b63d83a15d857663bbdcae3828e1cb926e91320a9b5b5cd", "70387772f84fa5c3bb6a106915a2445e20ac8f9821c5914d7cbde148f4d7ff73", "b560f5cd86cf8df7bcd258a851ca1ad98f0d5b8b98748e877a0aec4e9032b465", "b74b43fecce384a57094a83d2778cdfc2e2d9a6afaadd1ebecb2e75e0d34e10d", "e85f727ffb21539849e6012f47b12f6dd4c44965e56591d8dec6e8bc9ab96f4a", "fd2e09bb593ad9bdd7429e779699d2d47c1268cbde4dda95fcd1bd17544a0217", "ffad8eb2ac614518bbe3c0b8eb9dffdb3a8d2e3a7d5da51c5b974fb723a5c5aa"]
py = ["5e27081401262157467ad6e7f851b7aa402c5852dbcb3dae06768434de5752aa", "c20fdd83a5dbc0af9efd622bee9a5564e278f6380fffcacc43ba6f43db2813b0"]
pyparsing = ["4c830582a84fb022400b85429791bc551f1f4871c33f23e44f353119e92f969f", "c342dccb5250c08d45fd6f8b4a559613ca603b57498511740e65cd11a2e7dcec"]
pyrsistent = ["cdc7b5e3ed77bed61270a47d35434a30617b9becdf2478af76ad2c6ade307280"]
pytest = ["0d5fe9189a148acc3c3eb2ac8e1ac0742cb7618c084f3d228baaec0c254b318d", "ff615c761e25eb25df19edddc0b970302d2a9091fbce0e7213298d85fb61fef6"]
python-dateutil = ["73ebfe9dbf22e832286dafa60473e4cd239f8592f699aa5adaf10050e6e1823c", "75bb3f31ea686f1197762692a9ee6a7550b59fc6ca3a1f4b5d7e32fb98e2da2a"]
pytz = ["1c557d7d0e871de1f5ccd5833f60fb2550652da6be2693c1e02300743d21500d", "b02c06db6cf09c12dd25137e563b31700d3b80fcc4ad23abb7a315f2789819be"]
pyyaml = ["059b2ee3194d718896c0ad077dd8c043e5e909d9180f387ce42012662a4946d6", "1cf708e2ac57f3aabc87405f04b86354f66799c8e62c28c5fc5f88b5521b2dbf", "24521fa2890642614558b492b473bee0ac1f8057a7263156b02e8b14c88ce6f5", "4fee71aa5bc6ed9d5f116327c04273e25ae31a3020386916905767ec4fc5317e", "70024e02197337533eef7b85b068212420f950319cc8c580261963aefc75f811", "74782fbd4d4f87ff04159e986886931456a1894c61229be9eaf4de6f6e44b99e", "940532b111b1952befd7db542c370887a8611660d2b9becff75d39355303d82d", "cb1f2f5e426dc9f07a7681419fe39cee823bb74f723f36f70399123f439e9b20", "dbbb2379c19ed6042e8f11f2a2c66d39cceb8aeace421bfc29d085d93eda3689", "e3a057b7a64f1222b56e47bcff5e4b94c4f61faac04c7c4ecb1985e18caa3994", "e9f45bd5b92c7974e59bcd2dcc8631a6b6cc380a904725fce7bc08872e691615"]
ray = ["2be8495c8cb13e4edabb2b2a76317e241d9fcb9c3e461756e1c87a55901a28f7", "3c173c9ccb75fe82647ea64119b46397f666705cbc0c0d6d7b4ad84bbb99f57f", "8bca491f70a796c1b6e38c0ab8c1a180997092e410bdaa69fa09601b36ad0654", "a61bd0a9e742fce2a751266f34f313daa312598498623e0c2d82bbfba5e5fc32", "d560fb3fa741a98a23c25dc2d8483c7be3bf74a2e70bfba91706ea1856656488", "fd7c0d4a5f709e40028475a7fbdc6ae70c4355971a1da57245473c55f7004bab"]
redis = ["0dcfb335921b88a850d461dc255ff4708294943322bd55de6cfd68972490ca1f", "b205cffd05ebfd0a468db74f0eedbff8df1a7bfc47521516ade4692991bb0833"]
requests = ["11e007a8a2aa0323f5a921e9e6a2d7e4e67d9877e85773fba9ba6419025cbeb4", "9cf5292fcd0f598c671cfc1e0d7d1a7f13bb8085e9a590f48c010551dc6c4b31"]
retrying = ["08c039560a6da2fe4f2c426d0766e284d3b736e355f8dd24b37367b0bb41973b"]
scikit-learn = ["06c9816249b9664ef1b04ad6a5d4dfe0c4017c584858c4e658861c2ac5eb4f31", "12ec6b2821a0b4d1b7cbe0e5d6387e64e25e6ec8cfef058b276a14509c3a537b", "13b9ac18d48c051dfea32783067f2e45552e45852b88f3bccdb5c72fa56df3fe", "1e0cb60dae75da9e72d38569d18bbad5008777defd23585035a1314a01af966c", "28033cb7b50b8a6c3762cddd41dc7e5449347dedfa353409a576082e76309d09", "2d35ece66767dd197d020940b1dab3be92ddbb1c96aaef0936d9c4369d544d69", "51ee25330fc244107588545c70e2f3570cfc4017cff09eed69d6e1d82a212b7d", "571476fbb826c87ad300a5aad0238c14a590ab7df5cb823ee19ac077bf13b5f4", "5e0b5bebfd8bd8ab89b58c44acb95ddcc9439b23c875ed597842991cafc18b62", "671874343a0b33bc0dbcae4af0b9a77c55b8132b33887fbfe086681c3f010840", "6fad30299ef3dd103871ad1235b445fd5d2df47c424746eaf3c50fbc99c49cef", "7f1cdfd3c5e9d0951e273f49bb25bd9886537ab77e2273502b8676c3105828ae", "80eec2f54cc7f51c5abb743f09506e009ba2b95bf6fb0e554aa0d8959b680003", "93001af23b0f1e68d93447f9d56bad631d4fc28eafd78b09469fb55aeff715b1", "956a68772df02342af129e8bbe858b3053745c36beb6351a13641e3b56e0df23", "96e1365ba285903e493b1e9505b533171c852f7069d038dcc3395ece952fdc78", "bacc63185520d9eb295d79fa62c388fd7145783920a1fb113451a0b294994cad", "d92b81615854504c27063e0970aed37e644eea5991444558c8aca8fadc1483b3", "d92ed650c32db013f66bba63af4922bd7a9b8c5802d4ee292332e504e567bd4a", "ebdf03b6e7f784e360ab26cf400cd2125d650c0903ef11086c0a3f2b4b07e603", "f18ae2abc09cb94a171840829a8132dda7267c941eb431387a6014f943946825"]
scipy = ["00af72998a46c25bdb5824d2b729e7dabec0c765f9deb0b504f928591f5ff9d4", "0902a620a381f101e184a958459b36d3ee50f5effd186db76e131cbefcbb96f7", "1e3190466d669d658233e8a583b854f6386dd62d655539b77b3fa25bfb2abb70", "2cce3f9847a1a51019e8c5b47620da93950e58ebc611f13e0d11f4980ca5fecb", "3092857f36b690a321a662fe5496cb816a7f4eecd875e1d36793d92d3f884073", "386086e2972ed2db17cebf88610aab7d7f6e2c0ca30042dc9a89cf18dcc363fa", "71eb180f22c49066f25d6df16f8709f215723317cc951d99e54dc88020ea57be", "770254a280d741dd3436919d47e35712fb081a6ff8bafc0f319382b954b77802", "787cc50cab3020a865640aba3485e9fbd161d4d3b0d03a967df1a2881320512d", "8a07760d5c7f3a92e440ad3aedcc98891e915ce857664282ae3c0220f3301eb6", "8d3bc3993b8e4be7eade6dcc6fd59a412d96d3a33fa42b0fa45dc9e24495ede9", "9508a7c628a165c2c835f2497837bf6ac80eb25291055f56c129df3c943cbaf8", "a144811318853a23d32a07bc7fd5561ff0cac5da643d96ed94a4ffe967d89672", "a1aae70d52d0b074d8121333bc807a485f9f1e6a69742010b33780df2e60cfe0", "a2d6df9eb074af7f08866598e4ef068a2b310d98f87dc23bd1b90ec7bdcec802", "bb517872058a1f087c4528e7429b4a44533a902644987e7b2fe35ecc223bc408", "c5cac0c0387272ee0e789e94a570ac51deb01c796b37fb2aad1fb13f85e2f97d", "cc971a82ea1170e677443108703a2ec9ff0f70752258d0e9f5433d00dda01f59", "dba8306f6da99e37ea08c08fef6e274b5bf8567bb094d1dbe86a20e532aca088", "dc60bb302f48acf6da8ca4444cfa17d52c63c5415302a9ee77b3b21618090521", "dee1bbf3a6c8f73b6b218cb28eed8dd13347ea2f87d572ce19b289d6fd3fbc59"]
shap = ["1f6fbe41583e7295b2bd12959531890044db7a76529b467828345d3a9663b9d9", "5eb9ea62dc53e071b391e65349cbad4664031342dba95568f3b323a4e0278b70", "9fcfa1d99274a7f4ad81d74b64798c05fad793805dd8559374eadfb09a691c6d", "be321a811915acc062813aab75fdb82116bc505e16e47064982cee4eacc93404"]
six = ["236bdbdce46e6e6a3d61a337c0f8b763ca1e8717c03b369e87a7ec7ce1319c0a", "8f3cd2e254d8f793e7f3d6d9df77b92252b52637291d0f0da013c76ea2724b6c"]
sortedcontainers = ["974e9a32f56b17c1bac2aebd9dcf197f3eb9cd30553c5852a3187ad162e1a03a", "d9e96492dd51fae31e60837736b38fe42a187b5404c16606ff7ee7cd582d4c60"]
tblib = ["229bee3754cb5d98b4837dd5c4405e80cfab57cb9f93220410ad367f8b352344", "e222f44485d45ed13fada73b57775e2ff9bd8af62160120bbb6679f5ad80315b"]
thrift = ["9af1c86bf73433afc6010ed376a6c6aca2b54099cc0d61895f640870a9ae7d89"]
toolz = ["08fdd5ef7c96480ad11c12d472de21acd32359996f69a5259299b540feba4560"]
torch = ["271d4d1e44df6ed57c530f8849b028447c62b8a19b8e8740dd9baa56e7f682c1", "30ce089475b287a37d6fbb8d71853e672edaf66699e3dd2eb19be6ce6296732a", "405b9eb40e44037d2525b3ddb5bc4c66b519cd742bff249d4207d23f83e88ea5", "504915c6bc6051ba6a4c2a43c446463dff04411e352f1e26fe13debeae431778", "54d06a0e8ee85e5a437c24f4af9f4196c819294c23ffb5914e177756f55f1829", "6f2fd9eb8c7eaf38a982ab266dbbfba0f29fb643bc74e677d045d6f2595e4692", "8856f334aa9ecb742c1504bd2563d0ffb8dceb97149c8d72a04afa357f667dbc", "8fff03bf7b474c16e4b50da65ea14200cc64553b67b9b2307f9dc7e8c69b9d28", "9a1b1db73d8dcfd94b2eee24b939368742aa85f1217c55b8f5681e76c581e99a", "bb1e87063661414e1149bef2e3a2499ce0b5060290799d7e26bc5578037075ba", "d7b34a78f021935ad727a3bede56a8a8d4fda0b0272314a04c5f6890bbe7bb29"]
tornado = ["349884248c36801afa19e342a77cc4458caca694b0eda633f5878e458a44cb2c", "398e0d35e086ba38a0427c3b37f4337327231942e731edaa6e9fd1865bbd6f60", "4e73ef678b1a859f0cb29e1d895526a20ea64b5ffd510a2307b5998c7df24281", "559bce3d31484b665259f50cd94c5c28b961b09315ccd838f284687245f416e5", "abbe53a39734ef4aba061fca54e30c6b4639d3e1f59653f0da37a0003de148c7", "c845db36ba616912074c5b1ee897f8e0124df269468f25e4fe21fe72f6edd7a9", "c9399267c926a4e7c418baa5cbe91c7d1cf362d505a1ef898fde44a07c9dd8a5"]
tqdm = ["01464d5950e9a07a8e463c2767883d9616c099c6502f6c7ef4e2e11d3065bd35", "5865f5fef9d739864ff341ddaa69894173ebacedb1aaafcf014de56343d01d5c"]
urllib3 = ["2f3db8b19923a873b3e5256dc9c2dedfa883e33d87c690d9c7913e1f40673cdc", "87716c2d2a7121198ebcb7ce7cccf6ce5e9ba539041cfbaeecfb641dc0bf6acc"]
wcwidth = ["8fd29383f539be45b20bd4df0dc29c20ba48654a41e661925e612311e9f3c603", "f28b3e8a6483e5d49e7f8949ac1a78314e740333ae305b4ba5defd3e74fb37a8"]
websocket-client = ["0fc45c961324d79c781bab301359d5a1b00b13ad1b10415a4780229ef71a5549", "d735b91d6d1692a6a181f2a8c9e0238e5f6373356f561bb9dc4c7af36f452010"]
wheel = ["8788e9155fe14f54164c1b9eb0a319d98ef02c160725587ad60f14ddc57b6f96", "df277cb51e61359aba502208d680f90c0493adec6f0e848af94948778aed386e"]
wurlitzer = ["86a510c0d34fcc9786ad1a9f557ac980f30ef2f821a75c2e4333311e0fd9cd76", "eec7e3c779ddbf32d7e962ccc457580d1696f887e74ede45ebefaf6d12e7bf8f"]
xgboost = ["5ec073f6d68348784e9afdb831371fefb89de896d8eb58e79244ad05177c5753", "898f26bb66589c644d17deff1b03961504f7ad79296ed434d0d7a5e9cb4deae6", "d69f90d61a63e8889fd39a31ad00c629bac1ca627f8406b9b6d4594c9e29ab84"]
zict = ["be8c7a24e3e78f871b72bfff16245105d1f0448606b1decdae054a14bfdf5996", "e34dd25ea97def518fb4c77f2c27078f3a7d6c965b0a3ac8fe5bdb0a8011a310"]
zipp = ["ccc94ed0909b58ffe34430ea5451f07bc0c76467d7081619a454bf5c98b89e28", "feae2f18633c32fc71f2de629bfb3bd3c9325cd4419642b1f1da42ee488d9b98"]
